// !$*UTF8*$!
{
	archiveVersion = 1;
	classes = {
	};
	objectVersion = 46;
	objects = {

/* Begin PBXBuildFile section */
		0D6359C65A404059990D669A /* libPods.a in Frameworks */ = {isa = PBXBuildFile; fileRef = 900EDF4CF68649368A50C53B /* libPods.a */; };
		BA008156197DE35E002AC4E4 /* Constants.m in Sources */ = {isa = PBXBuildFile; fileRef = BA008155197DE35E002AC4E4 /* Constants.m */; };
		BA00815B197E17FB002AC4E4 /* HomeViewController.m in Sources */ = {isa = PBXBuildFile; fileRef = BA00815A197E17FB002AC4E4 /* HomeViewController.m */; };
		BA008162197E4317002AC4E4 /* SettingsViewController.m in Sources */ = {isa = PBXBuildFile; fileRef = BA008161197E4317002AC4E4 /* SettingsViewController.m */; };
		BA6A5B9E1953AF2C0047C967 /* Foundation.framework in Frameworks */ = {isa = PBXBuildFile; fileRef = BA6A5B9D1953AF2C0047C967 /* Foundation.framework */; };
		BA6A5BA01953AF2C0047C967 /* CoreGraphics.framework in Frameworks */ = {isa = PBXBuildFile; fileRef = BA6A5B9F1953AF2C0047C967 /* CoreGraphics.framework */; };
		BA6A5BA21953AF2C0047C967 /* UIKit.framework in Frameworks */ = {isa = PBXBuildFile; fileRef = BA6A5BA11953AF2C0047C967 /* UIKit.framework */; };
		BA6A5BA81953AF2C0047C967 /* InfoPlist.strings in Resources */ = {isa = PBXBuildFile; fileRef = BA6A5BA61953AF2C0047C967 /* InfoPlist.strings */; };
		BA6A5BAA1953AF2C0047C967 /* main.m in Sources */ = {isa = PBXBuildFile; fileRef = BA6A5BA91953AF2C0047C967 /* main.m */; };
		BA6A5BAE1953AF2C0047C967 /* AppDelegate.m in Sources */ = {isa = PBXBuildFile; fileRef = BA6A5BAD1953AF2C0047C967 /* AppDelegate.m */; };
		BA6A5BB11953AF2C0047C967 /* Main.storyboard in Resources */ = {isa = PBXBuildFile; fileRef = BA6A5BAF1953AF2C0047C967 /* Main.storyboard */; };
		BA6A5BB91953AF2C0047C967 /* Images.xcassets in Resources */ = {isa = PBXBuildFile; fileRef = BA6A5BB81953AF2C0047C967 /* Images.xcassets */; };
		BA6A5BC01953AF2C0047C967 /* XCTest.framework in Frameworks */ = {isa = PBXBuildFile; fileRef = BA6A5BBF1953AF2C0047C967 /* XCTest.framework */; };
		BA6A5BC11953AF2C0047C967 /* Foundation.framework in Frameworks */ = {isa = PBXBuildFile; fileRef = BA6A5B9D1953AF2C0047C967 /* Foundation.framework */; };
		BA6A5BC21953AF2C0047C967 /* UIKit.framework in Frameworks */ = {isa = PBXBuildFile; fileRef = BA6A5BA11953AF2C0047C967 /* UIKit.framework */; };
		BA6A5BCA1953AF2C0047C967 /* InfoPlist.strings in Resources */ = {isa = PBXBuildFile; fileRef = BA6A5BC81953AF2C0047C967 /* InfoPlist.strings */; };
		BA6A5BCC1953AF2C0047C967 /* ChatUpTests.m in Sources */ = {isa = PBXBuildFile; fileRef = BA6A5BCB1953AF2C0047C967 /* ChatUpTests.m */; };
		BA6A5BD71953B0660047C967 /* LoginViewController.m in Sources */ = {isa = PBXBuildFile; fileRef = BA6A5BD61953B0660047C967 /* LoginViewController.m */; };
		BA768AFD197E481000D7BA6E /* EditProfileViewController.m in Sources */ = {isa = PBXBuildFile; fileRef = BA768AFC197E481000D7BA6E /* EditProfileViewController.m */; };
		BA768B01197E4ADB00D7BA6E /* ProfileViewController.m in Sources */ = {isa = PBXBuildFile; fileRef = BA768B00197E4ADB00D7BA6E /* ProfileViewController.m */; };
		BA94A07319885CB800657235 /* CCTestUser.m in Sources */ = {isa = PBXBuildFile; fileRef = BA94A07219885CB800657235 /* CCTestUser.m */; };
		BA94A075198860EE00657235 /* profilePicture1.jpg in Resources */ = {isa = PBXBuildFile; fileRef = BA94A074198860EE00657235 /* profilePicture1.jpg */; };
		BADF306A1989D76A00885AFD /* MatchViewController.m in Sources */ = {isa = PBXBuildFile; fileRef = BADF30691989D76A00885AFD /* MatchViewController.m */; };
/* End PBXBuildFile section */

/* Begin PBXContainerItemProxy section */
		BA6A5BC31953AF2C0047C967 /* PBXContainerItemProxy */ = {
			isa = PBXContainerItemProxy;
			containerPortal = BA6A5B921953AF2C0047C967 /* Project object */;
			proxyType = 1;
			remoteGlobalIDString = BA6A5B991953AF2C0047C967;
			remoteInfo = ChatUp;
		};
/* End PBXContainerItemProxy section */

/* Begin PBXFileReference section */
		71DDC443264441168B650CC9 /* Pods.xcconfig */ = {isa = PBXFileReference; includeInIndex = 1; lastKnownFileType = text.xcconfig; name = Pods.xcconfig; path = Pods/Pods.xcconfig; sourceTree = "<group>"; };
		900EDF4CF68649368A50C53B /* libPods.a */ = {isa = PBXFileReference; explicitFileType = archive.ar; includeInIndex = 0; path = libPods.a; sourceTree = BUILT_PRODUCTS_DIR; };
		BA008154197DE35E002AC4E4 /* Constants.h */ = {isa = PBXFileReference; fileEncoding = 4; lastKnownFileType = sourcecode.c.h; path = Constants.h; sourceTree = "<group>"; };
		BA008155197DE35E002AC4E4 /* Constants.m */ = {isa = PBXFileReference; fileEncoding = 4; lastKnownFileType = sourcecode.c.objc; path = Constants.m; sourceTree = "<group>"; };
		BA008159197E17FB002AC4E4 /* HomeViewController.h */ = {isa = PBXFileReference; fileEncoding = 4; lastKnownFileType = sourcecode.c.h; path = HomeViewController.h; sourceTree = "<group>"; };
		BA00815A197E17FB002AC4E4 /* HomeViewController.m */ = {isa = PBXFileReference; fileEncoding = 4; lastKnownFileType = sourcecode.c.objc; path = HomeViewController.m; sourceTree = "<group>"; };
		BA008160197E4317002AC4E4 /* SettingsViewController.h */ = {isa = PBXFileReference; fileEncoding = 4; lastKnownFileType = sourcecode.c.h; path = SettingsViewController.h; sourceTree = "<group>"; };
		BA008161197E4317002AC4E4 /* SettingsViewController.m */ = {isa = PBXFileReference; fileEncoding = 4; lastKnownFileType = sourcecode.c.objc; path = SettingsViewController.m; sourceTree = "<group>"; };
		BA6A5B9A1953AF2C0047C967 /* ChatUp.app */ = {isa = PBXFileReference; explicitFileType = wrapper.application; includeInIndex = 0; path = ChatUp.app; sourceTree = BUILT_PRODUCTS_DIR; };
		BA6A5B9D1953AF2C0047C967 /* Foundation.framework */ = {isa = PBXFileReference; lastKnownFileType = wrapper.framework; name = Foundation.framework; path = System/Library/Frameworks/Foundation.framework; sourceTree = SDKROOT; };
		BA6A5B9F1953AF2C0047C967 /* CoreGraphics.framework */ = {isa = PBXFileReference; lastKnownFileType = wrapper.framework; name = CoreGraphics.framework; path = System/Library/Frameworks/CoreGraphics.framework; sourceTree = SDKROOT; };
		BA6A5BA11953AF2C0047C967 /* UIKit.framework */ = {isa = PBXFileReference; lastKnownFileType = wrapper.framework; name = UIKit.framework; path = System/Library/Frameworks/UIKit.framework; sourceTree = SDKROOT; };
		BA6A5BA51953AF2C0047C967 /* ChatUp-Info.plist */ = {isa = PBXFileReference; lastKnownFileType = text.plist.xml; path = "ChatUp-Info.plist"; sourceTree = "<group>"; };
		BA6A5BA71953AF2C0047C967 /* en */ = {isa = PBXFileReference; lastKnownFileType = text.plist.strings; name = en; path = en.lproj/InfoPlist.strings; sourceTree = "<group>"; };
		BA6A5BA91953AF2C0047C967 /* main.m */ = {isa = PBXFileReference; lastKnownFileType = sourcecode.c.objc; path = main.m; sourceTree = "<group>"; };
		BA6A5BAB1953AF2C0047C967 /* ChatUp-Prefix.pch */ = {isa = PBXFileReference; lastKnownFileType = sourcecode.c.h; path = "ChatUp-Prefix.pch"; sourceTree = "<group>"; };
		BA6A5BAC1953AF2C0047C967 /* AppDelegate.h */ = {isa = PBXFileReference; lastKnownFileType = sourcecode.c.h; path = AppDelegate.h; sourceTree = "<group>"; };
		BA6A5BAD1953AF2C0047C967 /* AppDelegate.m */ = {isa = PBXFileReference; lastKnownFileType = sourcecode.c.objc; path = AppDelegate.m; sourceTree = "<group>"; };
		BA6A5BB01953AF2C0047C967 /* Base */ = {isa = PBXFileReference; lastKnownFileType = file.storyboard; name = Base; path = Base.lproj/Main.storyboard; sourceTree = "<group>"; };
		BA6A5BB81953AF2C0047C967 /* Images.xcassets */ = {isa = PBXFileReference; lastKnownFileType = folder.assetcatalog; path = Images.xcassets; sourceTree = "<group>"; };
		BA6A5BBE1953AF2C0047C967 /* ChatUpTests.xctest */ = {isa = PBXFileReference; explicitFileType = wrapper.cfbundle; includeInIndex = 0; path = ChatUpTests.xctest; sourceTree = BUILT_PRODUCTS_DIR; };
		BA6A5BBF1953AF2C0047C967 /* XCTest.framework */ = {isa = PBXFileReference; lastKnownFileType = wrapper.framework; name = XCTest.framework; path = Library/Frameworks/XCTest.framework; sourceTree = DEVELOPER_DIR; };
		BA6A5BC71953AF2C0047C967 /* ChatUpTests-Info.plist */ = {isa = PBXFileReference; lastKnownFileType = text.plist.xml; path = "ChatUpTests-Info.plist"; sourceTree = "<group>"; };
		BA6A5BC91953AF2C0047C967 /* en */ = {isa = PBXFileReference; lastKnownFileType = text.plist.strings; name = en; path = en.lproj/InfoPlist.strings; sourceTree = "<group>"; };
		BA6A5BCB1953AF2C0047C967 /* ChatUpTests.m */ = {isa = PBXFileReference; lastKnownFileType = sourcecode.c.objc; path = ChatUpTests.m; sourceTree = "<group>"; };
		BA6A5BD51953B0660047C967 /* LoginViewController.h */ = {isa = PBXFileReference; fileEncoding = 4; lastKnownFileType = sourcecode.c.h; path = LoginViewController.h; sourceTree = "<group>"; };
		BA6A5BD61953B0660047C967 /* LoginViewController.m */ = {isa = PBXFileReference; fileEncoding = 4; lastKnownFileType = sourcecode.c.objc; path = LoginViewController.m; sourceTree = "<group>"; };
		BA768AFB197E481000D7BA6E /* EditProfileViewController.h */ = {isa = PBXFileReference; fileEncoding = 4; lastKnownFileType = sourcecode.c.h; path = EditProfileViewController.h; sourceTree = "<group>"; };
		BA768AFC197E481000D7BA6E /* EditProfileViewController.m */ = {isa = PBXFileReference; fileEncoding = 4; lastKnownFileType = sourcecode.c.objc; path = EditProfileViewController.m; sourceTree = "<group>"; };
		BA768AFF197E4ADB00D7BA6E /* ProfileViewController.h */ = {isa = PBXFileReference; fileEncoding = 4; lastKnownFileType = sourcecode.c.h; path = ProfileViewController.h; sourceTree = "<group>"; };
		BA768B00197E4ADB00D7BA6E /* ProfileViewController.m */ = {isa = PBXFileReference; fileEncoding = 4; lastKnownFileType = sourcecode.c.objc; path = ProfileViewController.m; sourceTree = "<group>"; };
		BA94A07119885CB800657235 /* CCTestUser.h */ = {isa = PBXFileReference; fileEncoding = 4; lastKnownFileType = sourcecode.c.h; path = CCTestUser.h; sourceTree = "<group>"; };
		BA94A07219885CB800657235 /* CCTestUser.m */ = {isa = PBXFileReference; fileEncoding = 4; lastKnownFileType = sourcecode.c.objc; path = CCTestUser.m; sourceTree = "<group>"; };
		BA94A074198860EE00657235 /* profilePicture1.jpg */ = {isa = PBXFileReference; lastKnownFileType = image.jpeg; path = profilePicture1.jpg; sourceTree = "<group>"; };
		BADF30681989D76A00885AFD /* MatchViewController.h */ = {isa = PBXFileReference; fileEncoding = 4; lastKnownFileType = sourcecode.c.h; path = MatchViewController.h; sourceTree = "<group>"; };
		BADF30691989D76A00885AFD /* MatchViewController.m */ = {isa = PBXFileReference; fileEncoding = 4; lastKnownFileType = sourcecode.c.objc; path = MatchViewController.m; sourceTree = "<group>"; };
/* End PBXFileReference section */

/* Begin PBXFrameworksBuildPhase section */
		BA6A5B971953AF2C0047C967 /* Frameworks */ = {
			isa = PBXFrameworksBuildPhase;
			buildActionMask = 2147483647;
			files = (
				BA6A5BA01953AF2C0047C967 /* CoreGraphics.framework in Frameworks */,
				BA6A5BA21953AF2C0047C967 /* UIKit.framework in Frameworks */,
				BA6A5B9E1953AF2C0047C967 /* Foundation.framework in Frameworks */,
				0D6359C65A404059990D669A /* libPods.a in Frameworks */,
			);
			runOnlyForDeploymentPostprocessing = 0;
		};
		BA6A5BBB1953AF2C0047C967 /* Frameworks */ = {
			isa = PBXFrameworksBuildPhase;
			buildActionMask = 2147483647;
			files = (
				BA6A5BC01953AF2C0047C967 /* XCTest.framework in Frameworks */,
				BA6A5BC21953AF2C0047C967 /* UIKit.framework in Frameworks */,
				BA6A5BC11953AF2C0047C967 /* Foundation.framework in Frameworks */,
			);
			runOnlyForDeploymentPostprocessing = 0;
		};
/* End PBXFrameworksBuildPhase section */

/* Begin PBXGroup section */
		BA008158197E17B8002AC4E4 /* Home */ = {
			isa = PBXGroup;
			children = (
				BA008159197E17FB002AC4E4 /* HomeViewController.h */,
				BA00815A197E17FB002AC4E4 /* HomeViewController.m */,
			);
			name = Home;
			sourceTree = "<group>";
		};
		BA00815C197E422D002AC4E4 /* Settings */ = {
			isa = PBXGroup;
			children = (
				BA008160197E4317002AC4E4 /* SettingsViewController.h */,
				BA008161197E4317002AC4E4 /* SettingsViewController.m */,
			);
			name = Settings;
			sourceTree = "<group>";
		};
		BA6A5B911953AF2B0047C967 = {
			isa = PBXGroup;
			children = (
				BA6A5BA31953AF2C0047C967 /* ChatUp */,
				BA6A5BC51953AF2C0047C967 /* ChatUpTests */,
				BA6A5B9C1953AF2C0047C967 /* Frameworks */,
				BA6A5B9B1953AF2C0047C967 /* Products */,
				71DDC443264441168B650CC9 /* Pods.xcconfig */,
			);
			sourceTree = "<group>";
		};
		BA6A5B9B1953AF2C0047C967 /* Products */ = {
			isa = PBXGroup;
			children = (
				BA6A5B9A1953AF2C0047C967 /* ChatUp.app */,
				BA6A5BBE1953AF2C0047C967 /* ChatUpTests.xctest */,
			);
			name = Products;
			sourceTree = "<group>";
		};
		BA6A5B9C1953AF2C0047C967 /* Frameworks */ = {
			isa = PBXGroup;
			children = (
				BA6A5B9D1953AF2C0047C967 /* Foundation.framework */,
				BA6A5B9F1953AF2C0047C967 /* CoreGraphics.framework */,
				BA6A5BA11953AF2C0047C967 /* UIKit.framework */,
				BA6A5BBF1953AF2C0047C967 /* XCTest.framework */,
				900EDF4CF68649368A50C53B /* libPods.a */,
			);
			name = Frameworks;
			sourceTree = "<group>";
		};
		BA6A5BA31953AF2C0047C967 /* ChatUp */ = {
			isa = PBXGroup;
			children = (
				BA6A5BAC1953AF2C0047C967 /* AppDelegate.h */,
				BA6A5BAD1953AF2C0047C967 /* AppDelegate.m */,
				BA6A5BAF1953AF2C0047C967 /* Main.storyboard */,
				BA008158197E17B8002AC4E4 /* Home */,
				BA00815C197E422D002AC4E4 /* Settings */,
				BA768AFA197E47D700D7BA6E /* Edit Profile */,
				BA768AFE197E4ABE00D7BA6E /* Profile */,
				BA6A5BD91953B0860047C967 /* Login */,
				BA94A07019885C7600657235 /* CreateParseUser */,
				BADF30671989D74500885AFD /* Match */,
				BA6A5BB81953AF2C0047C967 /* Images.xcassets */,
				BA6A5BA41953AF2C0047C967 /* Supporting Files */,
			);
			path = ChatUp;
			sourceTree = "<group>";
		};
		BA6A5BA41953AF2C0047C967 /* Supporting Files */ = {
			isa = PBXGroup;
			children = (
				BA94A074198860EE00657235 /* profilePicture1.jpg */,
				BA6A5BA51953AF2C0047C967 /* ChatUp-Info.plist */,
				BA6A5BA61953AF2C0047C967 /* InfoPlist.strings */,
				BA6A5BA91953AF2C0047C967 /* main.m */,
				BA6A5BAB1953AF2C0047C967 /* ChatUp-Prefix.pch */,
				BA008154197DE35E002AC4E4 /* Constants.h */,
				BA008155197DE35E002AC4E4 /* Constants.m */,
			);
			name = "Supporting Files";
			sourceTree = "<group>";
		};
		BA6A5BC51953AF2C0047C967 /* ChatUpTests */ = {
			isa = PBXGroup;
			children = (
				BA6A5BCB1953AF2C0047C967 /* ChatUpTests.m */,
				BA6A5BC61953AF2C0047C967 /* Supporting Files */,
			);
			path = ChatUpTests;
			sourceTree = "<group>";
		};
		BA6A5BC61953AF2C0047C967 /* Supporting Files */ = {
			isa = PBXGroup;
			children = (
				BA6A5BC71953AF2C0047C967 /* ChatUpTests-Info.plist */,
				BA6A5BC81953AF2C0047C967 /* InfoPlist.strings */,
			);
			name = "Supporting Files";
			sourceTree = "<group>";
		};
		BA6A5BD91953B0860047C967 /* Login */ = {
			isa = PBXGroup;
			children = (
				BA6A5BD51953B0660047C967 /* LoginViewController.h */,
				BA6A5BD61953B0660047C967 /* LoginViewController.m */,
			);
			name = Login;
			sourceTree = "<group>";
		};
		BA768AFA197E47D700D7BA6E /* Edit Profile */ = {
			isa = PBXGroup;
			children = (
				BA768AFB197E481000D7BA6E /* EditProfileViewController.h */,
				BA768AFC197E481000D7BA6E /* EditProfileViewController.m */,
			);
			name = "Edit Profile";
			sourceTree = "<group>";
		};
		BA768AFE197E4ABE00D7BA6E /* Profile */ = {
			isa = PBXGroup;
			children = (
				BA768AFF197E4ADB00D7BA6E /* ProfileViewController.h */,
				BA768B00197E4ADB00D7BA6E /* ProfileViewController.m */,
			);
			name = Profile;
			sourceTree = "<group>";
		};
		BA94A07019885C7600657235 /* CreateParseUser */ = {
			isa = PBXGroup;
			children = (
				BA94A07119885CB800657235 /* CCTestUser.h */,
				BA94A07219885CB800657235 /* CCTestUser.m */,
			);
			name = CreateParseUser;
			sourceTree = "<group>";
		};
		BADF30671989D74500885AFD /* Match */ = {
			isa = PBXGroup;
			children = (
				BADF30681989D76A00885AFD /* MatchViewController.h */,
				BADF30691989D76A00885AFD /* MatchViewController.m */,
			);
			name = Match;
			sourceTree = "<group>";
		};
/* End PBXGroup section */

/* Begin PBXNativeTarget section */
		BA6A5B991953AF2C0047C967 /* ChatUp */ = {
			isa = PBXNativeTarget;
			buildConfigurationList = BA6A5BCF1953AF2C0047C967 /* Build configuration list for PBXNativeTarget "ChatUp" */;
			buildPhases = (
				8A6B7BB168EF4C85826632CF /* Check Pods Manifest.lock */,
				BA6A5B961953AF2C0047C967 /* Sources */,
				BA6A5B971953AF2C0047C967 /* Frameworks */,
				BA6A5B981953AF2C0047C967 /* Resources */,
				529259FFFBE346A6BB2EEBC6 /* Copy Pods Resources */,
			);
			buildRules = (
			);
			dependencies = (
			);
			name = ChatUp;
			productName = ChatUp;
			productReference = BA6A5B9A1953AF2C0047C967 /* ChatUp.app */;
			productType = "com.apple.product-type.application";
		};
		BA6A5BBD1953AF2C0047C967 /* ChatUpTests */ = {
			isa = PBXNativeTarget;
			buildConfigurationList = BA6A5BD21953AF2C0047C967 /* Build configuration list for PBXNativeTarget "ChatUpTests" */;
			buildPhases = (
				BA6A5BBA1953AF2C0047C967 /* Sources */,
				BA6A5BBB1953AF2C0047C967 /* Frameworks */,
				BA6A5BBC1953AF2C0047C967 /* Resources */,
			);
			buildRules = (
			);
			dependencies = (
				BA6A5BC41953AF2C0047C967 /* PBXTargetDependency */,
			);
			name = ChatUpTests;
			productName = ChatUpTests;
			productReference = BA6A5BBE1953AF2C0047C967 /* ChatUpTests.xctest */;
			productType = "com.apple.product-type.bundle.unit-test";
		};
/* End PBXNativeTarget section */

/* Begin PBXProject section */
		BA6A5B921953AF2C0047C967 /* Project object */ = {
			isa = PBXProject;
			attributes = {
				LastUpgradeCheck = 0510;
				ORGANIZATIONNAME = "Rakshit Pithadia";
				TargetAttributes = {
					BA6A5BBD1953AF2C0047C967 = {
						TestTargetID = BA6A5B991953AF2C0047C967;
					};
				};
			};
			buildConfigurationList = BA6A5B951953AF2C0047C967 /* Build configuration list for PBXProject "ChatUp" */;
			compatibilityVersion = "Xcode 3.2";
			developmentRegion = English;
			hasScannedForEncodings = 0;
			knownRegions = (
				en,
				Base,
			);
			mainGroup = BA6A5B911953AF2B0047C967;
			productRefGroup = BA6A5B9B1953AF2C0047C967 /* Products */;
			projectDirPath = "";
			projectRoot = "";
			targets = (
				BA6A5B991953AF2C0047C967 /* ChatUp */,
				BA6A5BBD1953AF2C0047C967 /* ChatUpTests */,
			);
		};
/* End PBXProject section */

/* Begin PBXResourcesBuildPhase section */
		BA6A5B981953AF2C0047C967 /* Resources */ = {
			isa = PBXResourcesBuildPhase;
			buildActionMask = 2147483647;
			files = (
				BA94A075198860EE00657235 /* profilePicture1.jpg in Resources */,
				BA6A5BB91953AF2C0047C967 /* Images.xcassets in Resources */,
				BA6A5BA81953AF2C0047C967 /* InfoPlist.strings in Resources */,
				BA6A5BB11953AF2C0047C967 /* Main.storyboard in Resources */,
			);
			runOnlyForDeploymentPostprocessing = 0;
		};
		BA6A5BBC1953AF2C0047C967 /* Resources */ = {
			isa = PBXResourcesBuildPhase;
			buildActionMask = 2147483647;
			files = (
				BA6A5BCA1953AF2C0047C967 /* InfoPlist.strings in Resources */,
			);
			runOnlyForDeploymentPostprocessing = 0;
		};
/* End PBXResourcesBuildPhase section */

/* Begin PBXShellScriptBuildPhase section */
		529259FFFBE346A6BB2EEBC6 /* Copy Pods Resources */ = {
			isa = PBXShellScriptBuildPhase;
			buildActionMask = 2147483647;
			files = (
			);
			inputPaths = (
			);
			name = "Copy Pods Resources";
			outputPaths = (
			);
			runOnlyForDeploymentPostprocessing = 0;
			shellPath = /bin/sh;
			shellScript = "\"${SRCROOT}/Pods/Pods-resources.sh\"\n";
			showEnvVarsInLog = 0;
		};
		8A6B7BB168EF4C85826632CF /* Check Pods Manifest.lock */ = {
			isa = PBXShellScriptBuildPhase;
			buildActionMask = 2147483647;
			files = (
			);
			inputPaths = (
			);
			name = "Check Pods Manifest.lock";
			outputPaths = (
			);
			runOnlyForDeploymentPostprocessing = 0;
			shellPath = /bin/sh;
			shellScript = "diff \"${PODS_ROOT}/../Podfile.lock\" \"${PODS_ROOT}/Manifest.lock\" > /dev/null\nif [[ $? != 0 ]] ; then\n    cat << EOM\nerror: The sandbox is not in sync with the Podfile.lock. Run 'pod install' or update your CocoaPods installation.\nEOM\n    exit 1\nfi\n";
			showEnvVarsInLog = 0;
		};
/* End PBXShellScriptBuildPhase section */

/* Begin PBXSourcesBuildPhase section */
		BA6A5B961953AF2C0047C967 /* Sources */ = {
			isa = PBXSourcesBuildPhase;
			buildActionMask = 2147483647;
			files = (
				BA94A07319885CB800657235 /* CCTestUser.m in Sources */,
				BA6A5BAE1953AF2C0047C967 /* AppDelegate.m in Sources */,
				BA6A5BAA1953AF2C0047C967 /* main.m in Sources */,
				BA768B01197E4ADB00D7BA6E /* ProfileViewController.m in Sources */,
				BA768AFD197E481000D7BA6E /* EditProfileViewController.m in Sources */,
				BA6A5BD71953B0660047C967 /* LoginViewController.m in Sources */,
				BA008162197E4317002AC4E4 /* SettingsViewController.m in Sources */,
				BA00815B197E17FB002AC4E4 /* HomeViewController.m in Sources */,
				BADF306A1989D76A00885AFD /* MatchViewController.m in Sources */,
				BA008156197DE35E002AC4E4 /* Constants.m in Sources */,
			);
			runOnlyForDeploymentPostprocessing = 0;
		};
		BA6A5BBA1953AF2C0047C967 /* Sources */ = {
			isa = PBXSourcesBuildPhase;
			buildActionMask = 2147483647;
			files = (
				BA6A5BCC1953AF2C0047C967 /* ChatUpTests.m in Sources */,
			);
			runOnlyForDeploymentPostprocessing = 0;
		};
/* End PBXSourcesBuildPhase section */

/* Begin PBXTargetDependency section */
		BA6A5BC41953AF2C0047C967 /* PBXTargetDependency */ = {
			isa = PBXTargetDependency;
			target = BA6A5B991953AF2C0047C967 /* ChatUp */;
			targetProxy = BA6A5BC31953AF2C0047C967 /* PBXContainerItemProxy */;
		};
/* End PBXTargetDependency section */

/* Begin PBXVariantGroup section */
		BA6A5BA61953AF2C0047C967 /* InfoPlist.strings */ = {
			isa = PBXVariantGroup;
			children = (
				BA6A5BA71953AF2C0047C967 /* en */,
			);
			name = InfoPlist.strings;
			sourceTree = "<group>";
		};
		BA6A5BAF1953AF2C0047C967 /* Main.storyboard */ = {
			isa = PBXVariantGroup;
			children = (
				BA6A5BB01953AF2C0047C967 /* Base */,
			);
			name = Main.storyboard;
			sourceTree = "<group>";
		};
		BA6A5BC81953AF2C0047C967 /* InfoPlist.strings */ = {
			isa = PBXVariantGroup;
			children = (
				BA6A5BC91953AF2C0047C967 /* en */,
			);
			name = InfoPlist.strings;
			sourceTree = "<group>";
		};
/* End PBXVariantGroup section */

/* Begin XCBuildConfiguration section */
		BA6A5BCD1953AF2C0047C967 /* Debug */ = {
			isa = XCBuildConfiguration;
			buildSettings = {
				ALWAYS_SEARCH_USER_PATHS = NO;
				CLANG_CXX_LANGUAGE_STANDARD = "gnu++0x";
				CLANG_CXX_LIBRARY = "libc++";
				CLANG_ENABLE_MODULES = YES;
				CLANG_ENABLE_OBJC_ARC = YES;
				CLANG_WARN_BOOL_CONVERSION = YES;
				CLANG_WARN_CONSTANT_CONVERSION = YES;
				CLANG_WARN_DIRECT_OBJC_ISA_USAGE = YES_ERROR;
				CLANG_WARN_EMPTY_BODY = YES;
				CLANG_WARN_ENUM_CONVERSION = YES;
				CLANG_WARN_INT_CONVERSION = YES;
				CLANG_WARN_OBJC_ROOT_CLASS = YES_ERROR;
				CLANG_WARN__DUPLICATE_METHOD_MATCH = YES;
				"CODE_SIGN_IDENTITY[sdk=iphoneos*]" = "iPhone Developer";
				COPY_PHASE_STRIP = NO;
				GCC_C_LANGUAGE_STANDARD = gnu99;
				GCC_DYNAMIC_NO_PIC = NO;
				GCC_OPTIMIZATION_LEVEL = 0;
				GCC_PREPROCESSOR_DEFINITIONS = (
					"DEBUG=1",
					"$(inherited)",
				);
				GCC_SYMBOLS_PRIVATE_EXTERN = NO;
				GCC_WARN_64_TO_32_BIT_CONVERSION = YES;
				GCC_WARN_ABOUT_RETURN_TYPE = YES_ERROR;
				GCC_WARN_UNDECLARED_SELECTOR = YES;
				GCC_WARN_UNINITIALIZED_AUTOS = YES_AGGRESSIVE;
				GCC_WARN_UNUSED_FUNCTION = YES;
				GCC_WARN_UNUSED_VARIABLE = YES;
				IPHONEOS_DEPLOYMENT_TARGET = 7.1;
				ONLY_ACTIVE_ARCH = YES;
				SDKROOT = iphoneos;
			};
			name = Debug;
		};
		BA6A5BCE1953AF2C0047C967 /* Release */ = {
			isa = XCBuildConfiguration;
			buildSettings = {
				ALWAYS_SEARCH_USER_PATHS = NO;
				CLANG_CXX_LANGUAGE_STANDARD = "gnu++0x";
				CLANG_CXX_LIBRARY = "libc++";
				CLANG_ENABLE_MODULES = YES;
				CLANG_ENABLE_OBJC_ARC = YES;
				CLANG_WARN_BOOL_CONVERSION = YES;
				CLANG_WARN_CONSTANT_CONVERSION = YES;
				CLANG_WARN_DIRECT_OBJC_ISA_USAGE = YES_ERROR;
				CLANG_WARN_EMPTY_BODY = YES;
				CLANG_WARN_ENUM_CONVERSION = YES;
				CLANG_WARN_INT_CONVERSION = YES;
				CLANG_WARN_OBJC_ROOT_CLASS = YES_ERROR;
				CLANG_WARN__DUPLICATE_METHOD_MATCH = YES;
				"CODE_SIGN_IDENTITY[sdk=iphoneos*]" = "iPhone Developer";
				COPY_PHASE_STRIP = YES;
				ENABLE_NS_ASSERTIONS = NO;
				GCC_C_LANGUAGE_STANDARD = gnu99;
				GCC_WARN_64_TO_32_BIT_CONVERSION = YES;
				GCC_WARN_ABOUT_RETURN_TYPE = YES_ERROR;
				GCC_WARN_UNDECLARED_SELECTOR = YES;
				GCC_WARN_UNINITIALIZED_AUTOS = YES_AGGRESSIVE;
				GCC_WARN_UNUSED_FUNCTION = YES;
				GCC_WARN_UNUSED_VARIABLE = YES;
				IPHONEOS_DEPLOYMENT_TARGET = 7.1;
				SDKROOT = iphoneos;
				VALIDATE_PRODUCT = YES;
			};
			name = Release;
		};
		BA6A5BD01953AF2C0047C967 /* Debug */ = {
			isa = XCBuildConfiguration;
			baseConfigurationReference = 71DDC443264441168B650CC9 /* Pods.xcconfig */;
			buildSettings = {
				ASSETCATALOG_COMPILER_APPICON_NAME = AppIcon;
				ASSETCATALOG_COMPILER_LAUNCHIMAGE_NAME = LaunchImage;
				GCC_PRECOMPILE_PREFIX_HEADER = YES;
				GCC_PREFIX_HEADER = "ChatUp/ChatUp-Prefix.pch";
				INFOPLIST_FILE = "ChatUp/ChatUp-Info.plist";
				PRODUCT_NAME = "$(TARGET_NAME)";
				WRAPPER_EXTENSION = app;
			};
			name = Debug;
		};
		BA6A5BD11953AF2C0047C967 /* Release */ = {
			isa = XCBuildConfiguration;
			baseConfigurationReference = 71DDC443264441168B650CC9 /* Pods.xcconfig */;
			buildSettings = {
				ASSETCATALOG_COMPILER_APPICON_NAME = AppIcon;
				ASSETCATALOG_COMPILER_LAUNCHIMAGE_NAME = LaunchImage;
				GCC_PRECOMPILE_PREFIX_HEADER = YES;
				GCC_PREFIX_HEADER = "ChatUp/ChatUp-Prefix.pch";
				INFOPLIST_FILE = "ChatUp/ChatUp-Info.plist";
				PRODUCT_NAME = "$(TARGET_NAME)";
				WRAPPER_EXTENSION = app;
			};
			name = Release;
		};
		BA6A5BD31953AF2C0047C967 /* Debug */ = {
			isa = XCBuildConfiguration;
			buildSettings = {
				BUNDLE_LOADER = "$(BUILT_PRODUCTS_DIR)/ChatUp.app/ChatUp";
				FRAMEWORK_SEARCH_PATHS = (
					"$(SDKROOT)/Developer/Library/Frameworks",
					"$(inherited)",
					"$(DEVELOPER_FRAMEWORKS_DIR)",
				);
				GCC_PRECOMPILE_PREFIX_HEADER = YES;
				GCC_PREFIX_HEADER = "ChatUp/ChatUp-Prefix.pch";
				GCC_PREPROCESSOR_DEFINITIONS = (
					"DEBUG=1",
					"$(inherited)",
				);
				INFOPLIST_FILE = "ChatUpTests/ChatUpTests-Info.plist";
				PRODUCT_NAME = "$(TARGET_NAME)";
				TEST_HOST = "$(BUNDLE_LOADER)";
				WRAPPER_EXTENSION = xctest;
			};
			name = Debug;
		};
		BA6A5BD41953AF2C0047C967 /* Release */ = {
			isa = XCBuildConfiguration;
			buildSettings = {
				BUNDLE_LOADER = "$(BUILT_PRODUCTS_DIR)/ChatUp.app/ChatUp";
				FRAMEWORK_SEARCH_PATHS = (
					"$(SDKROOT)/Developer/Library/Frameworks",
					"$(inherited)",
					"$(DEVELOPER_FRAMEWORKS_DIR)",
				);
				GCC_PRECOMPILE_PREFIX_HEADER = YES;
				GCC_PREFIX_HEADER = "ChatUp/ChatUp-Prefix.pch";
				INFOPLIST_FILE = "ChatUpTests/ChatUpTests-Info.plist";
				PRODUCT_NAME = "$(TARGET_NAME)";
				TEST_HOST = "$(BUNDLE_LOADER)";
				WRAPPER_EXTENSION = xctest;
			};
			name = Release;
		};
/* End XCBuildConfiguration section */

/* Begin XCConfigurationList section */
		BA6A5B951953AF2C0047C967 /* Build configuration list for PBXProject "ChatUp" */ = {
			isa = XCConfigurationList;
			buildConfigurations = (
				BA6A5BCD1953AF2C0047C967 /* Debug */,
				BA6A5BCE1953AF2C0047C967 /* Release */,
			);
			defaultConfigurationIsVisible = 0;
			defaultConfigurationName = Release;
		};
		BA6A5BCF1953AF2C0047C967 /* Build configuration list for PBXNativeTarget "ChatUp" */ = {
			isa = XCConfigurationList;
			buildConfigurations = (
				BA6A5BD01953AF2C0047C967 /* Debug */,
				BA6A5BD11953AF2C0047C967 /* Release */,
			);
			defaultConfigurationIsVisible = 0;
			defaultConfigurationName = Release;
		};
		BA6A5BD21953AF2C0047C967 /* Build configuration list for PBXNativeTarget "ChatUpTests" */ = {
			isa = XCConfigurationList;
			buildConfigurations = (
				BA6A5BD31953AF2C0047C967 /* Debug */,
				BA6A5BD41953AF2C0047C967 /* Release */,
			);
			defaultConfigurationIsVisible = 0;
			defaultConfigurationName = Release;
		};
/* End XCConfigurationList section */
	};
	rootObject = BA6A5B921953AF2C0047C967 /* Project object */;
}
